Microsoft Visual Studio Solution File, Format Version 11.00
# Visual Studio 2008

Project("{F9F4A949-264E-2772-5F91-E10A5D127D75}") = "Number Wizard2", "Assembly-CSharp.csproj", "{A74B78D1-3345-107B-5956-BF5FD002FE2E}"
EndProject
Global
	GlobalSection(SolutionConfigurationPlatforms) = preSolution
		Debug|Any CPU = Debug|Any CPU
		Release|Any CPU = Release|Any CPU
	EndGlobalSection
	GlobalSection(ProjectConfigurationPlatforms) = postSolution
		{A74B78D1-3345-107B-5956-BF5FD002FE2E}.Debug|Any CPU.ActiveCfg = Debug|Any CPU
		{A74B78D1-3345-107B-5956-BF5FD002FE2E}.Debug|Any CPU.Build.0 = Debug|Any CPU
		{A74B78D1-3345-107B-5956-BF5FD002FE2E}.Release|Any CPU.ActiveCfg = Release|Any CPU
		{A74B78D1-3345-107B-5956-BF5FD002FE2E}.Release|Any CPU.Build.0 = Release|Any CPU
	EndGlobalSection
	GlobalSection(SolutionProperties) = preSolution
		HideSolutionNode = FALSE
	EndGlobalSection
				GlobalSection(MonoDevelopProperties) = preSolution
		StartupItem = Assembly-CSharp.csproj
		Policies = $0
		$0.TextStylePolicy = $1
		$1.inheritsSet = null
		$1.scope = text/x-csharp
		$0.CSharpFormattingPolicy = $2
		$2.inheritsSet = Mono
		$2.inheritsScope = text/x-csharp
		$2.scope = text/x-csharp
		$0.TextStylePolicy = $3
		$3.FileWidth = 120
		$3.TabWidth = 4
		$3.IndentWidth = 4
		$3.EolMarker = Unix
		$3.inheritsSet = Mono
		$3.inheritsScope = text/plain
		$3.scope = text/plain
	EndGlobalSection

EndGlobal
